
Microsoft Visual Studio Solution File, Format Version 12.00
# Visual Studio 15
VisualStudioVersion = 15.0.27428.2037
MinimumVisualStudioVersion = 10.0.40219.1
Project("{FAE04EC0-301F-11D3-BF4B-00C04F79EFBC}") = "ShoppingBasket", "src\ShoppingBasket\ShoppingBasket.csproj", "{3C2CBEF2-4918-47DA-B464-19DD2117E5FE}"
EndProject
Project("{FAE04EC0-301F-11D3-BF4B-00C04F79EFBC}") = "ShoppingBasket.Test", "tests\ShoppingBasket.Test\ShoppingBasket.Test.csproj", "{CCE7BB82-3D69-4829-B2E5-08C435E09B63}"
EndProject
Project("{2150E333-8FDC-42A3-9474-1A3956D46DE8}") = "tests", "tests", "{4BDDC496-EC0B-41E7-B42F-DC0367A9332C}"
EndProject
Global
	GlobalSection(SolutionConfigurationPlatforms) = preSolution
		Debug|Any CPU = Debug|Any CPU
		Release|Any CPU = Release|Any CPU
	EndGlobalSection
	GlobalSection(ProjectConfigurationPlatforms) = postSolution
		{3C2CBEF2-4918-47DA-B464-19DD2117E5FE}.Debug|Any CPU.ActiveCfg = Debug|Any CPU
		{3C2CBEF2-4918-47DA-B464-19DD2117E5FE}.Debug|Any CPU.Build.0 = Debug|Any CPU
		{3C2CBEF2-4918-47DA-B464-19DD2117E5FE}.Release|Any CPU.ActiveCfg = Release|Any CPU
		{3C2CBEF2-4918-47DA-B464-19DD2117E5FE}.Release|Any CPU.Build.0 = Release|Any CPU
		{CCE7BB82-3D69-4829-B2E5-08C435E09B63}.Debug|Any CPU.ActiveCfg = Debug|Any CPU
		{CCE7BB82-3D69-4829-B2E5-08C435E09B63}.Debug|Any CPU.Build.0 = Debug|Any CPU
		{CCE7BB82-3D69-4829-B2E5-08C435E09B63}.Release|Any CPU.ActiveCfg = Release|Any CPU
		{CCE7BB82-3D69-4829-B2E5-08C435E09B63}.Release|Any CPU.Build.0 = Release|Any CPU
	EndGlobalSection
	GlobalSection(SolutionProperties) = preSolution
		HideSolutionNode = FALSE
	EndGlobalSection
	GlobalSection(NestedProjects) = preSolution
		{CCE7BB82-3D69-4829-B2E5-08C435E09B63} = {4BDDC496-EC0B-41E7-B42F-DC0367A9332C}
	EndGlobalSection
	GlobalSection(ExtensibilityGlobals) = postSolution
		SolutionGuid = {F7A50A43-99F8-41AF-AF03-76856693738C}
	EndGlobalSection
EndGlobal
